
Microsoft Visual Studio Solution File, Format Version 12.00
# Visual Studio Version 16
VisualStudioVersion = 16.0.31410.357
MinimumVisualStudioVersion = 10.0.40219.1
Project("{FAE04EC0-301F-11D3-BF4B-00C04F79EFBC}") = "KevinPillajoWeb", "KevinPillajoWeb\KevinPillajoWeb.csproj", "{607B8FAB-6D00-4108-B42F-4864884C805C}"
EndProject
Global
	GlobalSection(SolutionConfigurationPlatforms) = preSolution
		Debug|Any CPU = Debug|Any CPU
		Release|Any CPU = Release|Any CPU
	EndGlobalSection
	GlobalSection(ProjectConfigurationPlatforms) = postSolution
		{607B8FAB-6D00-4108-B42F-4864884C805C}.Debug|Any CPU.ActiveCfg = Debug|Any CPU
		{607B8FAB-6D00-4108-B42F-4864884C805C}.Debug|Any CPU.Build.0 = Debug|Any CPU
		{607B8FAB-6D00-4108-B42F-4864884C805C}.Release|Any CPU.ActiveCfg = Release|Any CPU
		{607B8FAB-6D00-4108-B42F-4864884C805C}.Release|Any CPU.Build.0 = Release|Any CPU
	EndGlobalSection
	GlobalSection(SolutionProperties) = preSolution
		HideSolutionNode = FALSE
	EndGlobalSection
	GlobalSection(ExtensibilityGlobals) = postSolution
		SolutionGuid = {AE6F4E69-06F3-48A1-994C-BE6A272DBC55}
	EndGlobalSection
EndGlobal
